
Microsoft Visual Studio Solution File, Format Version 12.00
Project("{2150E333-8FDC-42A3-9474-1A3956D46DE8}") = "1-Port", "1-Port", "{208B35B7-FA14-4971-B181-8BC399149D95}"
EndProject
Project("{2150E333-8FDC-42A3-9474-1A3956D46DE8}") = "2-ApplicationCore", "2-ApplicationCore", "{AADC996B-E565-40F1-9BF4-EC90FF966255}"
EndProject
Project("{2150E333-8FDC-42A3-9474-1A3956D46DE8}") = "3-Adapters", "3-Adapters", "{31F71671-6E96-4D27-91A2-766C96BC037E}"
EndProject
Project("{2150E333-8FDC-42A3-9474-1A3956D46DE8}") = "4-Common", "4-Common", "{C60F8261-1B22-46AD-A536-BB3A9811D38C}"
EndProject
Project("{2150E333-8FDC-42A3-9474-1A3956D46DE8}") = "5-Tests", "5-Tests", "{320C4D4D-9DB4-4F01-8ADD-31337F9FFAF7}"
EndProject
Project("{FAE04EC0-301F-11D3-BF4B-00C04F79EFBC}") = "App.AppHost", "App.AppHost\App.AppHost.csproj", "{34622952-5AB2-457D-A423-A68D6322B95A}"
EndProject
Project("{FAE04EC0-301F-11D3-BF4B-00C04F79EFBC}") = "App.CrossCutting", "App.CrossCutting\App.CrossCutting.csproj", "{A1E8512C-976B-414A-A1CB-4FD59EAAA715}"
EndProject
Project("{FAE04EC0-301F-11D3-BF4B-00C04F79EFBC}") = "App.Adapters", "App.Adapters\App.Adapters.csproj", "{DE8463CE-16C8-48EB-801B-3C8770EF20CA}"
EndProject
Project("{FAE04EC0-301F-11D3-BF4B-00C04F79EFBC}") = "App.Domain", "App.Domain\App.Domain.csproj", "{82D6ADDE-2FA5-4B04-98DB-5E977E93CC92}"
EndProject
Project("{FAE04EC0-301F-11D3-BF4B-00C04F79EFBC}") = "App.Application", "App.Application\App.Application.csproj", "{D9F3980E-6A4C-44D5-BBF7-37654A6032EC}"
EndProject
Project("{FAE04EC0-301F-11D3-BF4B-00C04F79EFBC}") = "TestProject", "TestProject\TestProject.csproj", "{BB9A122E-CC3D-4508-8206-AAFEA993AF50}"
EndProject
Project("{FAE04EC0-301F-11D3-BF4B-00C04F79EFBC}") = "App.Api", "App.Api\App.Api.csproj", "{02E139FD-2333-4A1E-B54C-41A88FE8DAF9}"
EndProject
Global
	GlobalSection(SolutionConfigurationPlatforms) = preSolution
		Debug|Any CPU = Debug|Any CPU
		Release|Any CPU = Release|Any CPU
	EndGlobalSection
	GlobalSection(ProjectConfigurationPlatforms) = postSolution
		{34622952-5AB2-457D-A423-A68D6322B95A}.Debug|Any CPU.ActiveCfg = Debug|Any CPU
		{34622952-5AB2-457D-A423-A68D6322B95A}.Debug|Any CPU.Build.0 = Debug|Any CPU
		{34622952-5AB2-457D-A423-A68D6322B95A}.Release|Any CPU.ActiveCfg = Release|Any CPU
		{34622952-5AB2-457D-A423-A68D6322B95A}.Release|Any CPU.Build.0 = Release|Any CPU
		{A1E8512C-976B-414A-A1CB-4FD59EAAA715}.Debug|Any CPU.ActiveCfg = Debug|Any CPU
		{A1E8512C-976B-414A-A1CB-4FD59EAAA715}.Debug|Any CPU.Build.0 = Debug|Any CPU
		{A1E8512C-976B-414A-A1CB-4FD59EAAA715}.Release|Any CPU.ActiveCfg = Release|Any CPU
		{A1E8512C-976B-414A-A1CB-4FD59EAAA715}.Release|Any CPU.Build.0 = Release|Any CPU
		{DE8463CE-16C8-48EB-801B-3C8770EF20CA}.Debug|Any CPU.ActiveCfg = Debug|Any CPU
		{DE8463CE-16C8-48EB-801B-3C8770EF20CA}.Debug|Any CPU.Build.0 = Debug|Any CPU
		{DE8463CE-16C8-48EB-801B-3C8770EF20CA}.Release|Any CPU.ActiveCfg = Release|Any CPU
		{DE8463CE-16C8-48EB-801B-3C8770EF20CA}.Release|Any CPU.Build.0 = Release|Any CPU
		{82D6ADDE-2FA5-4B04-98DB-5E977E93CC92}.Debug|Any CPU.ActiveCfg = Debug|Any CPU
		{82D6ADDE-2FA5-4B04-98DB-5E977E93CC92}.Debug|Any CPU.Build.0 = Debug|Any CPU
		{82D6ADDE-2FA5-4B04-98DB-5E977E93CC92}.Release|Any CPU.ActiveCfg = Release|Any CPU
		{82D6ADDE-2FA5-4B04-98DB-5E977E93CC92}.Release|Any CPU.Build.0 = Release|Any CPU
		{D9F3980E-6A4C-44D5-BBF7-37654A6032EC}.Debug|Any CPU.ActiveCfg = Debug|Any CPU
		{D9F3980E-6A4C-44D5-BBF7-37654A6032EC}.Debug|Any CPU.Build.0 = Debug|Any CPU
		{D9F3980E-6A4C-44D5-BBF7-37654A6032EC}.Release|Any CPU.ActiveCfg = Release|Any CPU
		{D9F3980E-6A4C-44D5-BBF7-37654A6032EC}.Release|Any CPU.Build.0 = Release|Any CPU
		{BB9A122E-CC3D-4508-8206-AAFEA993AF50}.Debug|Any CPU.ActiveCfg = Debug|Any CPU
		{BB9A122E-CC3D-4508-8206-AAFEA993AF50}.Debug|Any CPU.Build.0 = Debug|Any CPU
		{BB9A122E-CC3D-4508-8206-AAFEA993AF50}.Release|Any CPU.ActiveCfg = Release|Any CPU
		{BB9A122E-CC3D-4508-8206-AAFEA993AF50}.Release|Any CPU.Build.0 = Release|Any CPU
		{02E139FD-2333-4A1E-B54C-41A88FE8DAF9}.Debug|Any CPU.ActiveCfg = Debug|Any CPU
		{02E139FD-2333-4A1E-B54C-41A88FE8DAF9}.Debug|Any CPU.Build.0 = Debug|Any CPU
		{02E139FD-2333-4A1E-B54C-41A88FE8DAF9}.Release|Any CPU.ActiveCfg = Release|Any CPU
		{02E139FD-2333-4A1E-B54C-41A88FE8DAF9}.Release|Any CPU.Build.0 = Release|Any CPU
	EndGlobalSection
	GlobalSection(NestedProjects) = preSolution
		{A1E8512C-976B-414A-A1CB-4FD59EAAA715} = {C60F8261-1B22-46AD-A536-BB3A9811D38C}
		{DE8463CE-16C8-48EB-801B-3C8770EF20CA} = {31F71671-6E96-4D27-91A2-766C96BC037E}
		{82D6ADDE-2FA5-4B04-98DB-5E977E93CC92} = {AADC996B-E565-40F1-9BF4-EC90FF966255}
		{D9F3980E-6A4C-44D5-BBF7-37654A6032EC} = {AADC996B-E565-40F1-9BF4-EC90FF966255}
		{BB9A122E-CC3D-4508-8206-AAFEA993AF50} = {320C4D4D-9DB4-4F01-8ADD-31337F9FFAF7}
		{02E139FD-2333-4A1E-B54C-41A88FE8DAF9} = {208B35B7-FA14-4971-B181-8BC399149D95}
	EndGlobalSection
EndGlobal
